
Microsoft Visual Studio Solution File, Format Version 12.00
# Visual Studio Version 17
VisualStudioVersion = 17.4.33403.182
MinimumVisualStudioVersion = 10.0.40219.1
Project("{9A19103F-16F7-4668-BE54-9A1E7A4F7556}") = "pasteBin", "pasteBin\pasteBin.csproj", "{1C614ECB-3B82-487B-B889-147CA7778433}"
EndProject
Global
	GlobalSection(SolutionConfigurationPlatforms) = preSolution
		Debug|Any CPU = Debug|Any CPU
		Release|Any CPU = Release|Any CPU
	EndGlobalSection
	GlobalSection(ProjectConfigurationPlatforms) = postSolution
		{1C614ECB-3B82-487B-B889-147CA7778433}.Debug|Any CPU.ActiveCfg = Debug|Any CPU
		{1C614ECB-3B82-487B-B889-147CA7778433}.Debug|Any CPU.Build.0 = Debug|Any CPU
		{1C614ECB-3B82-487B-B889-147CA7778433}.Release|Any CPU.ActiveCfg = Release|Any CPU
		{1C614ECB-3B82-487B-B889-147CA7778433}.Release|Any CPU.Build.0 = Release|Any CPU
	EndGlobalSection
	GlobalSection(SolutionProperties) = preSolution
		HideSolutionNode = FALSE
	EndGlobalSection
	GlobalSection(ExtensibilityGlobals) = postSolution
		SolutionGuid = {CB0E4FFE-260E-4200-92BB-D3819F0C6FEA}
	EndGlobalSection
EndGlobal
